{
  "name": "muter",
  "version": "1.3.0",
  "lockfileVersion": 2,
  "requires": true,
  "packages": {
    "": {
      "name": "muter",
      "version": "1.3.0",
      "hasInstallScript": true,
      "license": "MIT"
    },
    "../../ps-list": {
      "version": "9.0.0",
      "extraneous": true,
      "license": "MIT",
      "devDependencies": {
        "ava": "^6.4.1",
        "tsd": "^0.33.0",
        "xo": "^0.59.0"
      },
      "engines": {
        "node": ">=20"
      },
      "funding": {
        "url": "https://github.com/sponsors/sindresorhus"
      }
    },
    "../ps-list": {
      "extraneous": true
    }
  }
}
